github.com/NickyClemen/calculator v1.0.2 h1:PwbEltlZechllDxFWj64OC1ro6jyYGaA7vgfjmQW51k=
github.com/NickyClemen/calculator v1.0.2/go.mod h1:Y+GzmvhbEUkyQGxqDgpoS2qn/J0G6L6IJ+d41yQR0XY=
github.com/NickyClemen/calculator v1.0.3 h1:i8vjCGEhMqXj6BoHO426DKboXqqQDhX2JCQU5bp+/C8=
github.com/NickyClemen/calculator v1.0.3/go.mod h1:Y+GzmvhbEUkyQGxqDgpoS2qn/J0G6L6IJ+d41yQR0XY=
